
Microsoft Visual Studio Solution File, Format Version 12.00
# Visual Studio Version 17
VisualStudioVersion = 17.3.32922.545
MinimumVisualStudioVersion = 10.0.40219.1
Project("{FAE04EC0-301F-11D3-BF4B-00C04F79EFBC}") = "inheritance", "inheritance\inheritance.csproj", "{F4FF8925-54A4-41C7-A119-D741745B8656}"
EndProject
Global
	GlobalSection(SolutionConfigurationPlatforms) = preSolution
		Debug|Any CPU = Debug|Any CPU
		Release|Any CPU = Release|Any CPU
	EndGlobalSection
	GlobalSection(ProjectConfigurationPlatforms) = postSolution
		{F4FF8925-54A4-41C7-A119-D741745B8656}.Debug|Any CPU.ActiveCfg = Debug|Any CPU
		{F4FF8925-54A4-41C7-A119-D741745B8656}.Debug|Any CPU.Build.0 = Debug|Any CPU
		{F4FF8925-54A4-41C7-A119-D741745B8656}.Release|Any CPU.ActiveCfg = Release|Any CPU
		{F4FF8925-54A4-41C7-A119-D741745B8656}.Release|Any CPU.Build.0 = Release|Any CPU
	EndGlobalSection
	GlobalSection(SolutionProperties) = preSolution
		HideSolutionNode = FALSE
	EndGlobalSection
	GlobalSection(ExtensibilityGlobals) = postSolution
		SolutionGuid = {824A31A8-0D53-4ABE-BA98-6AA255546181}
	EndGlobalSection
EndGlobal
